<?xml version="1.0" encoding="utf-8"?>
<Project ToolsVersion="4.0" xmlns="http://schemas.microsoft.com/developer/msbuild/2003">
  <ItemGroup>
    <Filter Include="Source Files">
      <UniqueIdentifier>{4FC737F1-C7A5-4376-A066-2A32D752A2FF}</UniqueIdentifier>
      <Extensions>cpp;c;cc;cxx;c++;cppm;ixx;def;odl;idl;hpj;bat;asm;asmx</Extensions>
    </Filter>
    <Filter Include="Header Files">
      <UniqueIdentifier>{93995380-89BD-4b04-88EB-625FBE52EBFB}</UniqueIdentifier>
      <Extensions>h;hh;hpp;hxx;h++;hm;inl;inc;ipp;xsd</Extensions>
    </Filter>
    <Filter Include="Resource Files">
      <UniqueIdentifier>{67DA6AB6-F800-4c08-8B7A-83BB121AAD01}</UniqueIdentifier>
      <Extensions>rc;ico;cur;bmp;dlg;rc2;rct;bin;rgs;gif;jpg;jpeg;jpe;resx;tiff;tif;png;wav;mfcribbon-ms</Extensions>
    </Filter>
  </ItemGroup>
  <ItemGroup>
    <ClCompile Include="Source.cpp">
      <Filter>Source Files</Filter>
    </ClCompile>
    <ClCompile Include="Dough.cpp">
      <Filter>Source Files</Filter>
    </ClCompile>
    <ClCompile Include="Souce.cpp">
      <Filter>Source Files</Filter>
    </ClCompile>
    <ClCompile Include="Cheese.cpp">
      <Filter>Source Files</Filter>
    </ClCompile>
    <ClCompile Include="Mushroom.cpp">
      <Filter>Source Files</Filter>
    </ClCompile>
    <ClCompile Include="Olives.cpp">
      <Filter>Source Files</Filter>
    </ClCompile>
    <ClCompile Include="Ham.cpp">
      <Filter>Source Files</Filter>
    </ClCompile>
    <ClCompile Include="Pizza.cpp">
      <Filter>Source Files</Filter>
    </ClCompile>
    <ClCompile Include="pizza_Builder.cpp">
      <Filter>Source Files</Filter>
    </ClCompile>
    <ClCompile Include="Margarita.cpp">
      <Filter>Source Files</Filter>
    </ClCompile>
    <ClCompile Include="Builder.cpp">
      <Filter>Source Files</Filter>
    </ClCompile>
    <ClCompile Include="Pepperoni.cpp">
      <Filter>Source Files</Filter>
    </ClCompile>
    <ClCompile Include="All_In.cpp">
      <Filter>Source Files</Filter>
    </ClCompile>
    <ClCompile Include="Extra.cpp">
      <Filter>Source Files</Filter>
    </ClCompile>
  </ItemGroup>
  <ItemGroup>
    <ClInclude Include="Dough.h">
      <Filter>Header Files</Filter>
    </ClInclude>
    <ClInclude Include="Base.h">
      <Filter>Header Files</Filter>
    </ClInclude>
    <ClInclude Include="Souce.h">
      <Filter>Header Files</Filter>
    </ClInclude>
    <ClInclude Include="Cheese.h">
      <Filter>Header Files</Filter>
    </ClInclude>
    <ClInclude Include="Mushroom.h">
      <Filter>Header Files</Filter>
    </ClInclude>
    <ClInclude Include="Olives.h">
      <Filter>Header Files</Filter>
    </ClInclude>
    <ClInclude Include="Ham.h">
      <Filter>Header Files</Filter>
    </ClInclude>
    <ClInclude Include="Pizza.h">
      <Filter>Header Files</Filter>
    </ClInclude>
    <ClInclude Include="pizza_Builder.h">
      <Filter>Header Files</Filter>
    </ClInclude>
    <ClInclude Include="Margarita.h">
      <Filter>Header Files</Filter>
    </ClInclude>
    <ClInclude Include="Builder.h">
      <Filter>Header Files</Filter>
    </ClInclude>
    <ClInclude Include="Pepperoni.h">
      <Filter>Header Files</Filter>
    </ClInclude>
    <ClInclude Include="All_In.h">
      <Filter>Header Files</Filter>
    </ClInclude>
    <ClInclude Include="Final.h">
      <Filter>Source Files</Filter>
    </ClInclude>
    <ClInclude Include="Extra.h">
      <Filter>Header Files</Filter>
    </ClInclude>
  </ItemGroup>
</Project>